
Microsoft Visual Studio Solution File, Format Version 12.00
# Visual Studio Version 17
VisualStudioVersion = 17.2.32616.157
MinimumVisualStudioVersion = 10.0.40219.1
Project("{FAE04EC0-301F-11D3-BF4B-00C04F79EFBC}") = "NumberClick", "NumberClick\NumberClick.csproj", "{AD687326-E909-4AFC-A143-A5A6E8095B70}"
EndProject
Global
	GlobalSection(SolutionConfigurationPlatforms) = preSolution
		Debug|Any CPU = Debug|Any CPU
		Release|Any CPU = Release|Any CPU
	EndGlobalSection
	GlobalSection(ProjectConfigurationPlatforms) = postSolution
		{AD687326-E909-4AFC-A143-A5A6E8095B70}.Debug|Any CPU.ActiveCfg = Debug|Any CPU
		{AD687326-E909-4AFC-A143-A5A6E8095B70}.Debug|Any CPU.Build.0 = Debug|Any CPU
		{AD687326-E909-4AFC-A143-A5A6E8095B70}.Release|Any CPU.ActiveCfg = Release|Any CPU
		{AD687326-E909-4AFC-A143-A5A6E8095B70}.Release|Any CPU.Build.0 = Release|Any CPU
	EndGlobalSection
	GlobalSection(SolutionProperties) = preSolution
		HideSolutionNode = FALSE
	EndGlobalSection
	GlobalSection(ExtensibilityGlobals) = postSolution
		SolutionGuid = {2ACD754A-C425-4E21-85F7-41DB7633D454}
	EndGlobalSection
EndGlobal
